// !$*UTF8*$!
{
	archiveVersion = 1;
	classes = {
	};
	objectVersion = 55;
	objects = {

/* Begin PBXBuildFile section */
		369805E52828A2CB00E8FAAE /* AppDelegate.swift in Sources */ = {isa = PBXBuildFile; fileRef = 369805E42828A2CB00E8FAAE /* AppDelegate.swift */; };
		369805E72828A2CB00E8FAAE /* SceneDelegate.swift in Sources */ = {isa = PBXBuildFile; fileRef = 369805E62828A2CB00E8FAAE /* SceneDelegate.swift */; };
		369805E92828A2CB00E8FAAE /* ViewController.swift in Sources */ = {isa = PBXBuildFile; fileRef = 369805E82828A2CB00E8FAAE /* ViewController.swift */; };
		369805EC2828A2CB00E8FAAE /* Main.storyboard in Resources */ = {isa = PBXBuildFile; fileRef = 369805EA2828A2CB00E8FAAE /* Main.storyboard */; };
		369805EF2828A2CB00E8FAAE /* RockPaperScissors4.xcdatamodeld in Sources */ = {isa = PBXBuildFile; fileRef = 369805ED2828A2CB00E8FAAE /* RockPaperScissors4.xcdatamodeld */; };
		369805F12828A2CC00E8FAAE /* Assets.xcassets in Resources */ = {isa = PBXBuildFile; fileRef = 369805F02828A2CC00E8FAAE /* Assets.xcassets */; };
		369805F42828A2CC00E8FAAE /* LaunchScreen.storyboard in Resources */ = {isa = PBXBuildFile; fileRef = 369805F22828A2CC00E8FAAE /* LaunchScreen.storyboard */; };
/* End PBXBuildFile section */

/* Begin PBXFileReference section */
		369805E12828A2CB00E8FAAE /* RockPaperScissors4.app */ = {isa = PBXFileReference; explicitFileType = wrapper.application; includeInIndex = 0; path = RockPaperScissors4.app; sourceTree = BUILT_PRODUCTS_DIR; };
		369805E42828A2CB00E8FAAE /* AppDelegate.swift */ = {isa = PBXFileReference; lastKnownFileType = sourcecode.swift; path = AppDelegate.swift; sourceTree = "<group>"; };
		369805E62828A2CB00E8FAAE /* SceneDelegate.swift */ = {isa = PBXFileReference; lastKnownFileType = sourcecode.swift; path = SceneDelegate.swift; sourceTree = "<group>"; };
		369805E82828A2CB00E8FAAE /* ViewController.swift */ = {isa = PBXFileReference; lastKnownFileType = sourcecode.swift; path = ViewController.swift; sourceTree = "<group>"; };
		369805EB2828A2CB00E8FAAE /* Base */ = {isa = PBXFileReference; lastKnownFileType = file.storyboard; name = Base; path = Base.lproj/Main.storyboard; sourceTree = "<group>"; };
		369805EE2828A2CB00E8FAAE /* RockPaperScissors4.xcdatamodel */ = {isa = PBXFileReference; lastKnownFileType = wrapper.xcdatamodel; path = RockPaperScissors4.xcdatamodel; sourceTree = "<group>"; };
		369805F02828A2CC00E8FAAE /* Assets.xcassets */ = {isa = PBXFileReference; lastKnownFileType = folder.assetcatalog; path = Assets.xcassets; sourceTree = "<group>"; };
		369805F32828A2CC00E8FAAE /* Base */ = {isa = PBXFileReference; lastKnownFileType = file.storyboard; name = Base; path = Base.lproj/LaunchScreen.storyboard; sourceTree = "<group>"; };
		369805F52828A2CC00E8FAAE /* Info.plist */ = {isa = PBXFileReference; lastKnownFileType = text.plist.xml; path = Info.plist; sourceTree = "<group>"; };
/* End PBXFileReference section */

/* Begin PBXFrameworksBuildPhase section */
		369805DE2828A2CB00E8FAAE /* Frameworks */ = {
			isa = PBXFrameworksBuildPhase;
			buildActionMask = 2147483647;
			files = (
			);
			runOnlyForDeploymentPostprocessing = 0;
		};
/* End PBXFrameworksBuildPhase section */

/* Begin PBXGroup section */
		369805D82828A2CB00E8FAAE = {
			isa = PBXGroup;
			children = (
				369805E32828A2CB00E8FAAE /* RockPaperScissors4 */,
				369805E22828A2CB00E8FAAE /* Products */,
			);
			sourceTree = "<group>";
		};
		369805E22828A2CB00E8FAAE /* Products */ = {
			isa = PBXGroup;
			children = (
				369805E12828A2CB00E8FAAE /* RockPaperScissors4.app */,
			);
			name = Products;
			sourceTree = "<group>";
		};
		369805E32828A2CB00E8FAAE /* RockPaperScissors4 */ = {
			isa = PBXGroup;
			children = (
				369805E42828A2CB00E8FAAE /* AppDelegate.swift */,
				369805E62828A2CB00E8FAAE /* SceneDelegate.swift */,
				369805E82828A2CB00E8FAAE /* ViewController.swift */,
				369805EA2828A2CB00E8FAAE /* Main.storyboard */,
				369805F02828A2CC00E8FAAE /* Assets.xcassets */,
				369805F22828A2CC00E8FAAE /* LaunchScreen.storyboard */,
				369805F52828A2CC00E8FAAE /* Info.plist */,
				369805ED2828A2CB00E8FAAE /* RockPaperScissors4.xcdatamodeld */,
			);
			path = RockPaperScissors4;
			sourceTree = "<group>";
		};
/* End PBXGroup section */

/* Begin PBXNativeTarget section */
		369805E02828A2CB00E8FAAE /* RockPaperScissors4 */ = {
			isa = PBXNativeTarget;
			buildConfigurationList = 369805F82828A2CC00E8FAAE /* Build configuration list for PBXNativeTarget "RockPaperScissors4" */;
			buildPhases = (
				369805DD2828A2CB00E8FAAE /* Sources */,
				369805DE2828A2CB00E8FAAE /* Frameworks */,
				369805DF2828A2CB00E8FAAE /* Resources */,
			);
			buildRules = (
			);
			dependencies = (
			);
			name = RockPaperScissors4;
			productName = RockPaperScissors4;
			productReference = 369805E12828A2CB00E8FAAE /* RockPaperScissors4.app */;
			productType = "com.apple.product-type.application";
		};
/* End PBXNativeTarget section */

/* Begin PBXProject section */
		369805D92828A2CB00E8FAAE /* Project object */ = {
			isa = PBXProject;
			attributes = {
				BuildIndependentTargetsInParallel = 1;
				LastSwiftUpdateCheck = 1330;
				LastUpgradeCheck = 1330;
				TargetAttributes = {
					369805E02828A2CB00E8FAAE = {
						CreatedOnToolsVersion = 13.3.1;
					};
				};
			};
			buildConfigurationList = 369805DC2828A2CB00E8FAAE /* Build configuration list for PBXProject "RockPaperScissors4" */;
			compatibilityVersion = "Xcode 13.0";
			developmentRegion = en;
			hasScannedForEncodings = 0;
			knownRegions = (
				en,
				Base,
			);
			mainGroup = 369805D82828A2CB00E8FAAE;
			productRefGroup = 369805E22828A2CB00E8FAAE /* Products */;
			projectDirPath = "";
			projectRoot = "";
			targets = (
				369805E02828A2CB00E8FAAE /* RockPaperScissors4 */,
			);
		};
/* End PBXProject section */

/* Begin PBXResourcesBuildPhase section */
		369805DF2828A2CB00E8FAAE /* Resources */ = {
			isa = PBXResourcesBuildPhase;
			buildActionMask = 2147483647;
			files = (
				369805F42828A2CC00E8FAAE /* LaunchScreen.storyboard in Resources */,
				369805F12828A2CC00E8FAAE /* Assets.xcassets in Resources */,
				369805EC2828A2CB00E8FAAE /* Main.storyboard in Resources */,
			);
			runOnlyForDeploymentPostprocessing = 0;
		};
/* End PBXResourcesBuildPhase section */

/* Begin PBXSourcesBuildPhase section */
		369805DD2828A2CB00E8FAAE /* Sources */ = {
			isa = PBXSourcesBuildPhase;
			buildActionMask = 2147483647;
			files = (
				369805E92828A2CB00E8FAAE /* ViewController.swift in Sources */,
				369805E52828A2CB00E8FAAE /* AppDelegate.swift in Sources */,
				369805E72828A2CB00E8FAAE /* SceneDelegate.swift in Sources */,
				369805EF2828A2CB00E8FAAE /* RockPaperScissors4.xcdatamodeld in Sources */,
			);
			runOnlyForDeploymentPostprocessing = 0;
		};
/* End PBXSourcesBuildPhase section */

/* Begin PBXVariantGroup section */
		369805EA2828A2CB00E8FAAE /* Main.storyboard */ = {
			isa = PBXVariantGroup;
			children = (
				369805EB2828A2CB00E8FAAE /* Base */,
			);
			name = Main.storyboard;
			sourceTree = "<group>";
		};
		369805F22828A2CC00E8FAAE /* LaunchScreen.storyboard */ = {
			isa = PBXVariantGroup;
			children = (
				369805F32828A2CC00E8FAAE /* Base */,
			);
			name = LaunchScreen.storyboard;
			sourceTree = "<group>";
		};
/* End PBXVariantGroup section */

/* Begin XCBuildConfiguration section */
		369805F62828A2CC00E8FAAE /* Debug */ = {
			isa = XCBuildConfiguration;
			buildSettings = {
				ALWAYS_SEARCH_USER_PATHS = NO;
				CLANG_ANALYZER_NONNULL = YES;
				CLANG_ANALYZER_NUMBER_OBJECT_CONVERSION = YES_AGGRESSIVE;
				CLANG_CXX_LANGUAGE_STANDARD = "gnu++17";
				CLANG_ENABLE_MODULES = YES;
				CLANG_ENABLE_OBJC_ARC = YES;
				CLANG_ENABLE_OBJC_WEAK = YES;
				CLANG_WARN_BLOCK_CAPTURE_AUTORELEASING = YES;
				CLANG_WARN_BOOL_CONVERSION = YES;
				CLANG_WARN_COMMA = YES;
				CLANG_WARN_CONSTANT_CONVERSION = YES;
				CLANG_WARN_DEPRECATED_OBJC_IMPLEMENTATIONS = YES;
				CLANG_WARN_DIRECT_OBJC_ISA_USAGE = YES_ERROR;
				CLANG_WARN_DOCUMENTATION_COMMENTS = YES;
				CLANG_WARN_EMPTY_BODY = YES;
				CLANG_WARN_ENUM_CONVERSION = YES;
				CLANG_WARN_INFINITE_RECURSION = YES;
				CLANG_WARN_INT_CONVERSION = YES;
				CLANG_WARN_NON_LITERAL_NULL_CONVERSION = YES;
				CLANG_WARN_OBJC_IMPLICIT_RETAIN_SELF = YES;
				CLANG_WARN_OBJC_LITERAL_CONVERSION = YES;
				CLANG_WARN_OBJC_ROOT_CLASS = YES_ERROR;
				CLANG_WARN_QUOTED_INCLUDE_IN_FRAMEWORK_HEADER = YES;
				CLANG_WARN_RANGE_LOOP_ANALYSIS = YES;
				CLANG_WARN_STRICT_PROTOTYPES = YES;
				CLANG_WARN_SUSPICIOUS_MOVE = YES;
				CLANG_WARN_UNGUARDED_AVAILABILITY = YES_AGGRESSIVE;
				CLANG_WARN_UNREACHABLE_CODE = YES;
				CLANG_WARN__DUPLICATE_METHOD_MATCH = YES;
				COPY_PHASE_STRIP = NO;
				DEBUG_INFORMATION_FORMAT = dwarf;
				ENABLE_STRICT_OBJC_MSGSEND = YES;
				ENABLE_TESTABILITY = YES;
				GCC_C_LANGUAGE_STANDARD = gnu11;
				GCC_DYNAMIC_NO_PIC = NO;
				GCC_NO_COMMON_BLOCKS = YES;
				GCC_OPTIMIZATION_LEVEL = 0;
				GCC_PREPROCESSOR_DEFINITIONS = (
					"DEBUG=1",
					"$(inherited)",
				);
				GCC_WARN_64_TO_32_BIT_CONVERSION = YES;
				GCC_WARN_ABOUT_RETURN_TYPE = YES_ERROR;
				GCC_WARN_UNDECLARED_SELECTOR = YES;
				GCC_WARN_UNINITIALIZED_AUTOS = YES_AGGRESSIVE;
				GCC_WARN_UNUSED_FUNCTION = YES;
				GCC_WARN_UNUSED_VARIABLE = YES;
				IPHONEOS_DEPLOYMENT_TARGET = 15.4;
				MTL_ENABLE_DEBUG_INFO = INCLUDE_SOURCE;
				MTL_FAST_MATH = YES;
				ONLY_ACTIVE_ARCH = YES;
				SDKROOT = iphoneos;
				SWIFT_ACTIVE_COMPILATION_CONDITIONS = DEBUG;
				SWIFT_OPTIMIZATION_LEVEL = "-Onone";
			};
			name = Debug;
		};
		369805F72828A2CC00E8FAAE /* Release */ = {
			isa = XCBuildConfiguration;
			buildSettings = {
				ALWAYS_SEARCH_USER_PATHS = NO;
				CLANG_ANALYZER_NONNULL = YES;
				CLANG_ANALYZER_NUMBER_OBJECT_CONVERSION = YES_AGGRESSIVE;
				CLANG_CXX_LANGUAGE_STANDARD = "gnu++17";
				CLANG_ENABLE_MODULES = YES;
				CLANG_ENABLE_OBJC_ARC = YES;
				CLANG_ENABLE_OBJC_WEAK = YES;
				CLANG_WARN_BLOCK_CAPTURE_AUTORELEASING = YES;
				CLANG_WARN_BOOL_CONVERSION = YES;
				CLANG_WARN_COMMA = YES;
				CLANG_WARN_CONSTANT_CONVERSION = YES;
				CLANG_WARN_DEPRECATED_OBJC_IMPLEMENTATIONS = YES;
				CLANG_WARN_DIRECT_OBJC_ISA_USAGE = YES_ERROR;
				CLANG_WARN_DOCUMENTATION_COMMENTS = YES;
				CLANG_WARN_EMPTY_BODY = YES;
				CLANG_WARN_ENUM_CONVERSION = YES;
				CLANG_WARN_INFINITE_RECURSION = YES;
				CLANG_WARN_INT_CONVERSION = YES;
				CLANG_WARN_NON_LITERAL_NULL_CONVERSION = YES;
				CLANG_WARN_OBJC_IMPLICIT_RETAIN_SELF = YES;
				CLANG_WARN_OBJC_LITERAL_CONVERSION = YES;
				CLANG_WARN_OBJC_ROOT_CLASS = YES_ERROR;
				CLANG_WARN_QUOTED_INCLUDE_IN_FRAMEWORK_HEADER = YES;
				CLANG_WARN_RANGE_LOOP_ANALYSIS = YES;
				CLANG_WARN_STRICT_PROTOTYPES = YES;
				CLANG_WARN_SUSPICIOUS_MOVE = YES;
				CLANG_WARN_UNGUARDED_AVAILABILITY = YES_AGGRESSIVE;
				CLANG_WARN_UNREACHABLE_CODE = YES;
				CLANG_WARN__DUPLICATE_METHOD_MATCH = YES;
				COPY_PHASE_STRIP = NO;
				DEBUG_INFORMATION_FORMAT = "dwarf-with-dsym";
				ENABLE_NS_ASSERTIONS = NO;
				ENABLE_STRICT_OBJC_MSGSEND = YES;
				GCC_C_LANGUAGE_STANDARD = gnu11;
				GCC_NO_COMMON_BLOCKS = YES;
				GCC_WARN_64_TO_32_BIT_CONVERSION = YES;
				GCC_WARN_ABOUT_RETURN_TYPE = YES_ERROR;
				GCC_WARN_UNDECLARED_SELECTOR = YES;
				GCC_WARN_UNINITIALIZED_AUTOS = YES_AGGRESSIVE;
				GCC_WARN_UNUSED_FUNCTION = YES;
				GCC_WARN_UNUSED_VARIABLE = YES;
				IPHONEOS_DEPLOYMENT_TARGET = 15.4;
				MTL_ENABLE_DEBUG_INFO = NO;
				MTL_FAST_MATH = YES;
				SDKROOT = iphoneos;
				SWIFT_COMPILATION_MODE = wholemodule;
				SWIFT_OPTIMIZATION_LEVEL = "-O";
				VALIDATE_PRODUCT = YES;
			};
			name = Release;
		};
		369805F92828A2CC00E8FAAE /* Debug */ = {
			isa = XCBuildConfiguration;
			buildSettings = {
				ASSETCATALOG_COMPILER_APPICON_NAME = AppIcon;
				ASSETCATALOG_COMPILER_GLOBAL_ACCENT_COLOR_NAME = AccentColor;
				CODE_SIGN_STYLE = Automatic;
				CURRENT_PROJECT_VERSION = 1;
				GENERATE_INFOPLIST_FILE = YES;
				INFOPLIST_FILE = RockPaperScissors4/Info.plist;
				INFOPLIST_KEY_UIApplicationSupportsIndirectInputEvents = YES;
				INFOPLIST_KEY_UILaunchStoryboardName = LaunchScreen;
				INFOPLIST_KEY_UIMainStoryboardFile = Main;
				INFOPLIST_KEY_UISupportedInterfaceOrientations_iPad = "UIInterfaceOrientationPortrait UIInterfaceOrientationPortraitUpsideDown UIInterfaceOrientationLandscapeLeft UIInterfaceOrientationLandscapeRight";
				INFOPLIST_KEY_UISupportedInterfaceOrientations_iPhone = "UIInterfaceOrientationPortrait UIInterfaceOrientationLandscapeLeft UIInterfaceOrientationLandscapeRight";
				LD_RUNPATH_SEARCH_PATHS = (
					"$(inherited)",
					"@executable_path/Frameworks",
				);
				MARKETING_VERSION = 1.0;
				PRODUCT_BUNDLE_IDENTIFIER = "ygao9-sfsu.edu.RockPaperScissors4";
				PRODUCT_NAME = "$(TARGET_NAME)";
				SWIFT_EMIT_LOC_STRINGS = YES;
				SWIFT_VERSION = 5.0;
				TARGETED_DEVICE_FAMILY = "1,2";
			};
			name = Debug;
		};
		369805FA2828A2CC00E8FAAE /* Release */ = {
			isa = XCBuildConfiguration;
			buildSettings = {
				ASSETCATALOG_COMPILER_APPICON_NAME = AppIcon;
				ASSETCATALOG_COMPILER_GLOBAL_ACCENT_COLOR_NAME = AccentColor;
				CODE_SIGN_STYLE = Automatic;
				CURRENT_PROJECT_VERSION = 1;
				GENERATE_INFOPLIST_FILE = YES;
				INFOPLIST_FILE = RockPaperScissors4/Info.plist;
				INFOPLIST_KEY_UIApplicationSupportsIndirectInputEvents = YES;
				INFOPLIST_KEY_UILaunchStoryboardName = LaunchScreen;
				INFOPLIST_KEY_UIMainStoryboardFile = Main;
				INFOPLIST_KEY_UISupportedInterfaceOrientations_iPad = "UIInterfaceOrientationPortrait UIInterfaceOrientationPortraitUpsideDown UIInterfaceOrientationLandscapeLeft UIInterfaceOrientationLandscapeRight";
				INFOPLIST_KEY_UISupportedInterfaceOrientations_iPhone = "UIInterfaceOrientationPortrait UIInterfaceOrientationLandscapeLeft UIInterfaceOrientationLandscapeRight";
				LD_RUNPATH_SEARCH_PATHS = (
					"$(inherited)",
					"@executable_path/Frameworks",
				);
				MARKETING_VERSION = 1.0;
				PRODUCT_BUNDLE_IDENTIFIER = "ygao9-sfsu.edu.RockPaperScissors4";
				PRODUCT_NAME = "$(TARGET_NAME)";
				SWIFT_EMIT_LOC_STRINGS = YES;
				SWIFT_VERSION = 5.0;
				TARGETED_DEVICE_FAMILY = "1,2";
			};
			name = Release;
		};
/* End XCBuildConfiguration section */

/* Begin XCConfigurationList section */
		369805DC2828A2CB00E8FAAE /* Build configuration list for PBXProject "RockPaperScissors4" */ = {
			isa = XCConfigurationList;
			buildConfigurations = (
				369805F62828A2CC00E8FAAE /* Debug */,
				369805F72828A2CC00E8FAAE /* Release */,
			);
			defaultConfigurationIsVisible = 0;
			defaultConfigurationName = Release;
		};
		369805F82828A2CC00E8FAAE /* Build configuration list for PBXNativeTarget "RockPaperScissors4" */ = {
			isa = XCConfigurationList;
			buildConfigurations = (
				369805F92828A2CC00E8FAAE /* Debug */,
				369805FA2828A2CC00E8FAAE /* Release */,
			);
			defaultConfigurationIsVisible = 0;
			defaultConfigurationName = Release;
		};
/* End XCConfigurationList section */

/* Begin XCVersionGroup section */
		369805ED2828A2CB00E8FAAE /* RockPaperScissors4.xcdatamodeld */ = {
			isa = XCVersionGroup;
			children = (
				369805EE2828A2CB00E8FAAE /* RockPaperScissors4.xcdatamodel */,
			);
			currentVersion = 369805EE2828A2CB00E8FAAE /* RockPaperScissors4.xcdatamodel */;
			path = RockPaperScissors4.xcdatamodeld;
			sourceTree = "<group>";
			versionGroupType = wrapper.xcdatamodel;
		};
/* End XCVersionGroup section */
	};
	rootObject = 369805D92828A2CB00E8FAAE /* Project object */;
}
